
Microsoft Visual Studio Solution File, Format Version 12.00
# Visual Studio 14
VisualStudioVersion = 14.0.25420.1
MinimumVisualStudioVersion = 10.0.40219.1
Project("{FAE04EC0-301F-11D3-BF4B-00C04F79EFBC}") = "Meeting", "Diconvergent\Meeting\Meeting.csproj", "{8FEB72F1-21DE-4030-BCC9-C7F87AB3EF5F}"
EndProject
Project("{FAE04EC0-301F-11D3-BF4B-00C04F79EFBC}") = "Meeting.Test", "Diconvergent\Meeting.Test\Meeting.Test.csproj", "{75F490B9-E21C-4D71-80C4-FCDC7FD530A4}"
EndProject
Global
	GlobalSection(SolutionConfigurationPlatforms) = preSolution
		Debug|Any CPU = Debug|Any CPU
		Release|Any CPU = Release|Any CPU
	EndGlobalSection
	GlobalSection(ProjectConfigurationPlatforms) = postSolution
		{8FEB72F1-21DE-4030-BCC9-C7F87AB3EF5F}.Debug|Any CPU.ActiveCfg = Debug|Any CPU
		{8FEB72F1-21DE-4030-BCC9-C7F87AB3EF5F}.Debug|Any CPU.Build.0 = Debug|Any CPU
		{8FEB72F1-21DE-4030-BCC9-C7F87AB3EF5F}.Release|Any CPU.ActiveCfg = Release|Any CPU
		{8FEB72F1-21DE-4030-BCC9-C7F87AB3EF5F}.Release|Any CPU.Build.0 = Release|Any CPU
		{75F490B9-E21C-4D71-80C4-FCDC7FD530A4}.Debug|Any CPU.ActiveCfg = Debug|Any CPU
		{75F490B9-E21C-4D71-80C4-FCDC7FD530A4}.Debug|Any CPU.Build.0 = Debug|Any CPU
		{75F490B9-E21C-4D71-80C4-FCDC7FD530A4}.Release|Any CPU.ActiveCfg = Release|Any CPU
		{75F490B9-E21C-4D71-80C4-FCDC7FD530A4}.Release|Any CPU.Build.0 = Release|Any CPU
	EndGlobalSection
	GlobalSection(SolutionProperties) = preSolution
		HideSolutionNode = FALSE
	EndGlobalSection
	GlobalSection(ExtensibilityGlobals) = postSolution
		SolutionGuid = {09939C27-84F3-45CC-B650-FD8D5A9DD1E1}
	EndGlobalSection
EndGlobal
